// !$*UTF8*$!
{
	archiveVersion = 1;
	classes = {
	};
	objectVersion = 46;
	objects = {

/* Begin PBXBuildFile section */
		361AEBC719A1890F000B627B /* AppDelegate.swift in Sources */ = {isa = PBXBuildFile; fileRef = 361AEBC619A1890F000B627B /* AppDelegate.swift */; };
		361AEBC919A1890F000B627B /* ViewController.swift in Sources */ = {isa = PBXBuildFile; fileRef = 361AEBC819A1890F000B627B /* ViewController.swift */; };
		361AEBCC19A1890F000B627B /* Main.storyboard in Resources */ = {isa = PBXBuildFile; fileRef = 361AEBCA19A1890F000B627B /* Main.storyboard */; };
		361AEBCE19A1890F000B627B /* Images.xcassets in Resources */ = {isa = PBXBuildFile; fileRef = 361AEBCD19A1890F000B627B /* Images.xcassets */; };
		361AEBDA19A1890F000B627B /* tipsTests.swift in Sources */ = {isa = PBXBuildFile; fileRef = 361AEBD919A1890F000B627B /* tipsTests.swift */; };
		3687AE9B19A1CC1600F5DE56 /* Happy_Face@2x.png in Resources */ = {isa = PBXBuildFile; fileRef = 3687AE9A19A1CC1600F5DE56 /* Happy_Face@2x.png */; };
		3687AE9D19A1CCE600F5DE56 /* User@2x.png in Resources */ = {isa = PBXBuildFile; fileRef = 3687AE9C19A1CCE600F5DE56 /* User@2x.png */; };
		3687AE9F19A1CD4400F5DE56 /* UserSm@2x.png in Resources */ = {isa = PBXBuildFile; fileRef = 3687AE9E19A1CD4400F5DE56 /* UserSm@2x.png */; };
		3687AEA119A1D02D00F5DE56 /* icon@2x.png in Resources */ = {isa = PBXBuildFile; fileRef = 3687AEA019A1D02D00F5DE56 /* icon@2x.png */; };
/* End PBXBuildFile section */

/* Begin PBXContainerItemProxy section */
		361AEBD419A1890F000B627B /* PBXContainerItemProxy */ = {
			isa = PBXContainerItemProxy;
			containerPortal = 361AEBB919A1890F000B627B /* Project object */;
			proxyType = 1;
			remoteGlobalIDString = 361AEBC019A1890F000B627B;
			remoteInfo = tips;
		};
/* End PBXContainerItemProxy section */

/* Begin PBXFileReference section */
		361AEBC119A1890F000B627B /* tips.app */ = {isa = PBXFileReference; explicitFileType = wrapper.application; includeInIndex = 0; path = tips.app; sourceTree = BUILT_PRODUCTS_DIR; };
		361AEBC519A1890F000B627B /* Info.plist */ = {isa = PBXFileReference; lastKnownFileType = text.plist.xml; path = Info.plist; sourceTree = "<group>"; };
		361AEBC619A1890F000B627B /* AppDelegate.swift */ = {isa = PBXFileReference; lastKnownFileType = sourcecode.swift; path = AppDelegate.swift; sourceTree = "<group>"; };
		361AEBC819A1890F000B627B /* ViewController.swift */ = {isa = PBXFileReference; lastKnownFileType = sourcecode.swift; path = ViewController.swift; sourceTree = "<group>"; };
		361AEBCB19A1890F000B627B /* Base */ = {isa = PBXFileReference; lastKnownFileType = file.storyboard; name = Base; path = Base.lproj/Main.storyboard; sourceTree = "<group>"; };
		361AEBCD19A1890F000B627B /* Images.xcassets */ = {isa = PBXFileReference; lastKnownFileType = folder.assetcatalog; path = Images.xcassets; sourceTree = "<group>"; };
		361AEBD319A1890F000B627B /* tipsTests.xctest */ = {isa = PBXFileReference; explicitFileType = wrapper.cfbundle; includeInIndex = 0; path = tipsTests.xctest; sourceTree = BUILT_PRODUCTS_DIR; };
		361AEBD819A1890F000B627B /* Info.plist */ = {isa = PBXFileReference; lastKnownFileType = text.plist.xml; path = Info.plist; sourceTree = "<group>"; };
		361AEBD919A1890F000B627B /* tipsTests.swift */ = {isa = PBXFileReference; lastKnownFileType = sourcecode.swift; path = tipsTests.swift; sourceTree = "<group>"; };
		3687AE9A19A1CC1600F5DE56 /* Happy_Face@2x.png */ = {isa = PBXFileReference; lastKnownFileType = image.png; name = "Happy_Face@2x.png"; path = "../../../../Dropbox/Nextdoor - Design/icons/pixellove_pro/PNG/Solid@2x/General/Happy_Face@2x.png"; sourceTree = "<group>"; };
		3687AE9C19A1CCE600F5DE56 /* User@2x.png */ = {isa = PBXFileReference; lastKnownFileType = image.png; name = "User@2x.png"; path = "../../assets/User@2x.png"; sourceTree = "<group>"; };
		3687AE9E19A1CD4400F5DE56 /* UserSm@2x.png */ = {isa = PBXFileReference; lastKnownFileType = image.png; name = "UserSm@2x.png"; path = "../../assets/UserSm@2x.png"; sourceTree = "<group>"; };
		3687AEA019A1D02D00F5DE56 /* icon@2x.png */ = {isa = PBXFileReference; lastKnownFileType = image.png; name = "icon@2x.png"; path = "../../assets/icon@2x.png"; sourceTree = "<group>"; };
/* End PBXFileReference section */

/* Begin PBXFrameworksBuildPhase section */
		361AEBBE19A1890F000B627B /* Frameworks */ = {
			isa = PBXFrameworksBuildPhase;
			buildActionMask = 2147483647;
			files = (
			);
			runOnlyForDeploymentPostprocessing = 0;
		};
		361AEBD019A1890F000B627B /* Frameworks */ = {
			isa = PBXFrameworksBuildPhase;
			buildActionMask = 2147483647;
			files = (
			);
			runOnlyForDeploymentPostprocessing = 0;
		};
/* End PBXFrameworksBuildPhase section */

/* Begin PBXGroup section */
		361AEBB819A1890F000B627B = {
			isa = PBXGroup;
			children = (
				361AEBC319A1890F000B627B /* tips */,
				361AEBD619A1890F000B627B /* tipsTests */,
				361AEBC219A1890F000B627B /* Products */,
			);
			sourceTree = "<group>";
		};
		361AEBC219A1890F000B627B /* Products */ = {
			isa = PBXGroup;
			children = (
				361AEBC119A1890F000B627B /* tips.app */,
				361AEBD319A1890F000B627B /* tipsTests.xctest */,
			);
			name = Products;
			sourceTree = "<group>";
		};
		361AEBC319A1890F000B627B /* tips */ = {
			isa = PBXGroup;
			children = (
				361AEBC619A1890F000B627B /* AppDelegate.swift */,
				361AEBC819A1890F000B627B /* ViewController.swift */,
				361AEBCA19A1890F000B627B /* Main.storyboard */,
				3687AE9E19A1CD4400F5DE56 /* UserSm@2x.png */,
				3687AE9C19A1CCE600F5DE56 /* User@2x.png */,
				3687AE9A19A1CC1600F5DE56 /* Happy_Face@2x.png */,
				361AEBCD19A1890F000B627B /* Images.xcassets */,
				3687AEA019A1D02D00F5DE56 /* icon@2x.png */,
				361AEBC419A1890F000B627B /* Supporting Files */,
			);
			path = tips;
			sourceTree = "<group>";
		};
		361AEBC419A1890F000B627B /* Supporting Files */ = {
			isa = PBXGroup;
			children = (
				361AEBC519A1890F000B627B /* Info.plist */,
			);
			name = "Supporting Files";
			sourceTree = "<group>";
		};
		361AEBD619A1890F000B627B /* tipsTests */ = {
			isa = PBXGroup;
			children = (
				361AEBD919A1890F000B627B /* tipsTests.swift */,
				361AEBD719A1890F000B627B /* Supporting Files */,
			);
			path = tipsTests;
			sourceTree = "<group>";
		};
		361AEBD719A1890F000B627B /* Supporting Files */ = {
			isa = PBXGroup;
			children = (
				361AEBD819A1890F000B627B /* Info.plist */,
			);
			name = "Supporting Files";
			sourceTree = "<group>";
		};
/* End PBXGroup section */

/* Begin PBXNativeTarget section */
		361AEBC019A1890F000B627B /* tips */ = {
			isa = PBXNativeTarget;
			buildConfigurationList = 361AEBDD19A1890F000B627B /* Build configuration list for PBXNativeTarget "tips" */;
			buildPhases = (
				361AEBBD19A1890F000B627B /* Sources */,
				361AEBBE19A1890F000B627B /* Frameworks */,
				361AEBBF19A1890F000B627B /* Resources */,
			);
			buildRules = (
			);
			dependencies = (
			);
			name = tips;
			productName = tips;
			productReference = 361AEBC119A1890F000B627B /* tips.app */;
			productType = "com.apple.product-type.application";
		};
		361AEBD219A1890F000B627B /* tipsTests */ = {
			isa = PBXNativeTarget;
			buildConfigurationList = 361AEBE019A1890F000B627B /* Build configuration list for PBXNativeTarget "tipsTests" */;
			buildPhases = (
				361AEBCF19A1890F000B627B /* Sources */,
				361AEBD019A1890F000B627B /* Frameworks */,
				361AEBD119A1890F000B627B /* Resources */,
			);
			buildRules = (
			);
			dependencies = (
				361AEBD519A1890F000B627B /* PBXTargetDependency */,
			);
			name = tipsTests;
			productName = tipsTests;
			productReference = 361AEBD319A1890F000B627B /* tipsTests.xctest */;
			productType = "com.apple.product-type.bundle.unit-test";
		};
/* End PBXNativeTarget section */

/* Begin PBXProject section */
		361AEBB919A1890F000B627B /* Project object */ = {
			isa = PBXProject;
			attributes = {
				LastUpgradeCheck = 0600;
				ORGANIZATIONNAME = "Ryan Sims";
				TargetAttributes = {
					361AEBC019A1890F000B627B = {
						CreatedOnToolsVersion = 6.0;
						DevelopmentTeam = 6ZCUTCQC66;
					};
					361AEBD219A1890F000B627B = {
						CreatedOnToolsVersion = 6.0;
						TestTargetID = 361AEBC019A1890F000B627B;
					};
				};
			};
			buildConfigurationList = 361AEBBC19A1890F000B627B /* Build configuration list for PBXProject "tips" */;
			compatibilityVersion = "Xcode 3.2";
			developmentRegion = English;
			hasScannedForEncodings = 0;
			knownRegions = (
				en,
				Base,
			);
			mainGroup = 361AEBB819A1890F000B627B;
			productRefGroup = 361AEBC219A1890F000B627B /* Products */;
			projectDirPath = "";
			projectRoot = "";
			targets = (
				361AEBC019A1890F000B627B /* tips */,
				361AEBD219A1890F000B627B /* tipsTests */,
			);
		};
/* End PBXProject section */

/* Begin PBXResourcesBuildPhase section */
		361AEBBF19A1890F000B627B /* Resources */ = {
			isa = PBXResourcesBuildPhase;
			buildActionMask = 2147483647;
			files = (
				3687AE9F19A1CD4400F5DE56 /* UserSm@2x.png in Resources */,
				361AEBCC19A1890F000B627B /* Main.storyboard in Resources */,
				3687AE9B19A1CC1600F5DE56 /* Happy_Face@2x.png in Resources */,
				361AEBCE19A1890F000B627B /* Images.xcassets in Resources */,
				3687AE9D19A1CCE600F5DE56 /* User@2x.png in Resources */,
				3687AEA119A1D02D00F5DE56 /* icon@2x.png in Resources */,
			);
			runOnlyForDeploymentPostprocessing = 0;
		};
		361AEBD119A1890F000B627B /* Resources */ = {
			isa = PBXResourcesBuildPhase;
			buildActionMask = 2147483647;
			files = (
			);
			runOnlyForDeploymentPostprocessing = 0;
		};
/* End PBXResourcesBuildPhase section */

/* Begin PBXSourcesBuildPhase section */
		361AEBBD19A1890F000B627B /* Sources */ = {
			isa = PBXSourcesBuildPhase;
			buildActionMask = 2147483647;
			files = (
				361AEBC919A1890F000B627B /* ViewController.swift in Sources */,
				361AEBC719A1890F000B627B /* AppDelegate.swift in Sources */,
			);
			runOnlyForDeploymentPostprocessing = 0;
		};
		361AEBCF19A1890F000B627B /* Sources */ = {
			isa = PBXSourcesBuildPhase;
			buildActionMask = 2147483647;
			files = (
				361AEBDA19A1890F000B627B /* tipsTests.swift in Sources */,
			);
			runOnlyForDeploymentPostprocessing = 0;
		};
/* End PBXSourcesBuildPhase section */

/* Begin PBXTargetDependency section */
		361AEBD519A1890F000B627B /* PBXTargetDependency */ = {
			isa = PBXTargetDependency;
			target = 361AEBC019A1890F000B627B /* tips */;
			targetProxy = 361AEBD419A1890F000B627B /* PBXContainerItemProxy */;
		};
/* End PBXTargetDependency section */

/* Begin PBXVariantGroup section */
		361AEBCA19A1890F000B627B /* Main.storyboard */ = {
			isa = PBXVariantGroup;
			children = (
				361AEBCB19A1890F000B627B /* Base */,
			);
			name = Main.storyboard;
			sourceTree = "<group>";
		};
/* End PBXVariantGroup section */

/* Begin XCBuildConfiguration section */
		361AEBDB19A1890F000B627B /* Debug */ = {
			isa = XCBuildConfiguration;
			buildSettings = {
				ALWAYS_SEARCH_USER_PATHS = NO;
				CLANG_CXX_LANGUAGE_STANDARD = "gnu++0x";
				CLANG_CXX_LIBRARY = "libc++";
				CLANG_ENABLE_MODULES = YES;
				CLANG_ENABLE_OBJC_ARC = YES;
				CLANG_WARN_BOOL_CONVERSION = YES;
				CLANG_WARN_CONSTANT_CONVERSION = YES;
				CLANG_WARN_DIRECT_OBJC_ISA_USAGE = YES_ERROR;
				CLANG_WARN_EMPTY_BODY = YES;
				CLANG_WARN_ENUM_CONVERSION = YES;
				CLANG_WARN_INT_CONVERSION = YES;
				CLANG_WARN_OBJC_ROOT_CLASS = YES_ERROR;
				CLANG_WARN_UNREACHABLE_CODE = YES;
				CLANG_WARN__DUPLICATE_METHOD_MATCH = YES;
				"CODE_SIGN_IDENTITY[sdk=iphoneos*]" = "iPhone Developer";
				COPY_PHASE_STRIP = NO;
				ENABLE_STRICT_OBJC_MSGSEND = YES;
				GCC_C_LANGUAGE_STANDARD = gnu99;
				GCC_DYNAMIC_NO_PIC = NO;
				GCC_OPTIMIZATION_LEVEL = 0;
				GCC_PREPROCESSOR_DEFINITIONS = (
					"DEBUG=1",
					"$(inherited)",
				);
				GCC_SYMBOLS_PRIVATE_EXTERN = NO;
				GCC_WARN_64_TO_32_BIT_CONVERSION = YES;
				GCC_WARN_ABOUT_RETURN_TYPE = YES_ERROR;
				GCC_WARN_UNDECLARED_SELECTOR = YES;
				GCC_WARN_UNINITIALIZED_AUTOS = YES_AGGRESSIVE;
				GCC_WARN_UNUSED_FUNCTION = YES;
				GCC_WARN_UNUSED_VARIABLE = YES;
				IPHONEOS_DEPLOYMENT_TARGET = 8.0;
				METAL_ENABLE_DEBUG_INFO = YES;
				ONLY_ACTIVE_ARCH = YES;
				SDKROOT = iphoneos;
				SWIFT_OPTIMIZATION_LEVEL = "-Onone";
			};
			name = Debug;
		};
		361AEBDC19A1890F000B627B /* Release */ = {
			isa = XCBuildConfiguration;
			buildSettings = {
				ALWAYS_SEARCH_USER_PATHS = NO;
				CLANG_CXX_LANGUAGE_STANDARD = "gnu++0x";
				CLANG_CXX_LIBRARY = "libc++";
				CLANG_ENABLE_MODULES = YES;
				CLANG_ENABLE_OBJC_ARC = YES;
				CLANG_WARN_BOOL_CONVERSION = YES;
				CLANG_WARN_CONSTANT_CONVERSION = YES;
				CLANG_WARN_DIRECT_OBJC_ISA_USAGE = YES_ERROR;
				CLANG_WARN_EMPTY_BODY = YES;
				CLANG_WARN_ENUM_CONVERSION = YES;
				CLANG_WARN_INT_CONVERSION = YES;
				CLANG_WARN_OBJC_ROOT_CLASS = YES_ERROR;
				CLANG_WARN_UNREACHABLE_CODE = YES;
				CLANG_WARN__DUPLICATE_METHOD_MATCH = YES;
				"CODE_SIGN_IDENTITY[sdk=iphoneos*]" = "iPhone Developer";
				COPY_PHASE_STRIP = YES;
				ENABLE_NS_ASSERTIONS = NO;
				ENABLE_STRICT_OBJC_MSGSEND = YES;
				GCC_C_LANGUAGE_STANDARD = gnu99;
				GCC_WARN_64_TO_32_BIT_CONVERSION = YES;
				GCC_WARN_ABOUT_RETURN_TYPE = YES_ERROR;
				GCC_WARN_UNDECLARED_SELECTOR = YES;
				GCC_WARN_UNINITIALIZED_AUTOS = YES_AGGRESSIVE;
				GCC_WARN_UNUSED_FUNCTION = YES;
				GCC_WARN_UNUSED_VARIABLE = YES;
				IPHONEOS_DEPLOYMENT_TARGET = 8.0;
				METAL_ENABLE_DEBUG_INFO = NO;
				SDKROOT = iphoneos;
				VALIDATE_PRODUCT = YES;
			};
			name = Release;
		};
		361AEBDE19A1890F000B627B /* Debug */ = {
			isa = XCBuildConfiguration;
			buildSettings = {
				ASSETCATALOG_COMPILER_APPICON_NAME = AppIcon;
				ASSETCATALOG_COMPILER_LAUNCHIMAGE_NAME = LaunchImage;
				INFOPLIST_FILE = tips/Info.plist;
				IPHONEOS_DEPLOYMENT_TARGET = 7.0;
				LD_RUNPATH_SEARCH_PATHS = "$(inherited) @executable_path/Frameworks";
				PRODUCT_NAME = "$(TARGET_NAME)";
			};
			name = Debug;
		};
		361AEBDF19A1890F000B627B /* Release */ = {
			isa = XCBuildConfiguration;
			buildSettings = {
				ASSETCATALOG_COMPILER_APPICON_NAME = AppIcon;
				ASSETCATALOG_COMPILER_LAUNCHIMAGE_NAME = LaunchImage;
				INFOPLIST_FILE = tips/Info.plist;
				IPHONEOS_DEPLOYMENT_TARGET = 7.0;
				LD_RUNPATH_SEARCH_PATHS = "$(inherited) @executable_path/Frameworks";
				PRODUCT_NAME = "$(TARGET_NAME)";
			};
			name = Release;
		};
		361AEBE119A1890F000B627B /* Debug */ = {
			isa = XCBuildConfiguration;
			buildSettings = {
				BUNDLE_LOADER = "$(BUILT_PRODUCTS_DIR)/tips.app/tips";
				FRAMEWORK_SEARCH_PATHS = (
					"$(SDKROOT)/Developer/Library/Frameworks",
					"$(inherited)",
				);
				GCC_PREPROCESSOR_DEFINITIONS = (
					"DEBUG=1",
					"$(inherited)",
				);
				INFOPLIST_FILE = tipsTests/Info.plist;
				LD_RUNPATH_SEARCH_PATHS = "$(inherited) @executable_path/Frameworks @loader_path/Frameworks";
				METAL_ENABLE_DEBUG_INFO = YES;
				PRODUCT_NAME = "$(TARGET_NAME)";
				TEST_HOST = "$(BUNDLE_LOADER)";
			};
			name = Debug;
		};
		361AEBE219A1890F000B627B /* Release */ = {
			isa = XCBuildConfiguration;
			buildSettings = {
				BUNDLE_LOADER = "$(BUILT_PRODUCTS_DIR)/tips.app/tips";
				FRAMEWORK_SEARCH_PATHS = (
					"$(SDKROOT)/Developer/Library/Frameworks",
					"$(inherited)",
				);
				INFOPLIST_FILE = tipsTests/Info.plist;
				LD_RUNPATH_SEARCH_PATHS = "$(inherited) @executable_path/Frameworks @loader_path/Frameworks";
				METAL_ENABLE_DEBUG_INFO = NO;
				PRODUCT_NAME = "$(TARGET_NAME)";
				TEST_HOST = "$(BUNDLE_LOADER)";
			};
			name = Release;
		};
/* End XCBuildConfiguration section */

/* Begin XCConfigurationList section */
		361AEBBC19A1890F000B627B /* Build configuration list for PBXProject "tips" */ = {
			isa = XCConfigurationList;
			buildConfigurations = (
				361AEBDB19A1890F000B627B /* Debug */,
				361AEBDC19A1890F000B627B /* Release */,
			);
			defaultConfigurationIsVisible = 0;
			defaultConfigurationName = Release;
		};
		361AEBDD19A1890F000B627B /* Build configuration list for PBXNativeTarget "tips" */ = {
			isa = XCConfigurationList;
			buildConfigurations = (
				361AEBDE19A1890F000B627B /* Debug */,
				361AEBDF19A1890F000B627B /* Release */,
			);
			defaultConfigurationIsVisible = 0;
			defaultConfigurationName = Release;
		};
		361AEBE019A1890F000B627B /* Build configuration list for PBXNativeTarget "tipsTests" */ = {
			isa = XCConfigurationList;
			buildConfigurations = (
				361AEBE119A1890F000B627B /* Debug */,
				361AEBE219A1890F000B627B /* Release */,
			);
			defaultConfigurationIsVisible = 0;
			defaultConfigurationName = Release;
		};
/* End XCConfigurationList section */
	};
	rootObject = 361AEBB919A1890F000B627B /* Project object */;
}
